<?xml version="1.0" encoding="utf-8"?>
<Project ToolsVersion="4.0" xmlns="http://schemas.microsoft.com/developer/msbuild/2003">
  <ItemGroup>
    <Filter Include="Source Files">
      <UniqueIdentifier>{4FC737F1-C7A5-4376-A066-2A32D752A2FF}</UniqueIdentifier>
      <Extensions>cpp;c;cc;cxx;def;odl;idl;hpj;bat;asm;asmx</Extensions>
    </Filter>
    <Filter Include="Header Files">
      <UniqueIdentifier>{93995380-89BD-4b04-88EB-625FBE52EBFB}</UniqueIdentifier>
      <Extensions>h;hh;hpp;hxx;hm;inl;inc;xsd</Extensions>
    </Filter>
    <Filter Include="Resource Files">
      <UniqueIdentifier>{67DA6AB6-F800-4c08-8B7A-83BB121AAD01}</UniqueIdentifier>
      <Extensions>rc;ico;cur;bmp;dlg;rc2;rct;bin;rgs;gif;jpg;jpeg;jpe;resx;tiff;tif;png;wav;mfcribbon-ms</Extensions>
    </Filter>
  </ItemGroup>
  <ItemGroup>
    <ClInclude Include="targetver.h">
      <Filter>Header Files</Filter>
    </ClInclude>
    <ClInclude Include="BleDevice.h">
      <Filter>Header Files</Filter>
    </ClInclude>
    <ClInclude Include="BleDeviceContext.h">
      <Filter>Header Files</Filter>
    </ClInclude>
    <ClInclude Include="BleDeviceEnumerator.h">
      <Filter>Header Files</Filter>
    </ClInclude>
    <ClInclude Include="BleDeviceInfo.h">
      <Filter>Header Files</Filter>
    </ClInclude>
    <ClInclude Include="BleFunctions.h">
      <Filter>Header Files</Filter>
    </ClInclude>
    <ClInclude Include="BleGattCharacteristic.h">
      <Filter>Header Files</Filter>
    </ClInclude>
    <ClInclude Include="BleGattCharacteristicValue.h">
      <Filter>Header Files</Filter>
    </ClInclude>
    <ClInclude Include="BleGattDescriptor.h">
      <Filter>Header Files</Filter>
    </ClInclude>
    <ClInclude Include="BleGattDescriptorValue.h">
      <Filter>Header Files</Filter>
    </ClInclude>
    <ClInclude Include="BleGattService.h">
      <Filter>Header Files</Filter>
    </ClInclude>
    <ClInclude Include="BleGattServices.h">
      <Filter>Header Files</Filter>
    </ClInclude>
    <ClInclude Include="BleException.h">
      <Filter>Header Files</Filter>
    </ClInclude>
    <ClInclude Include="Utility.h">
      <Filter>Header Files</Filter>
    </ClInclude>
    <ClInclude Include="CallbackContext.h">
      <Filter>Header Files</Filter>
    </ClInclude>
    <ClInclude Include="BleGattNotificationData.h">
      <Filter>Header Files</Filter>
    </ClInclude>
    <ClInclude Include="resource.h">
      <Filter>Header Files</Filter>
    </ClInclude>
    <ClInclude Include="CallbackScope.h">
      <Filter>Header Files</Filter>
    </ClInclude>
    <ClInclude Include="HandleWrapper.h">
      <Filter>Header Files</Filter>
    </ClInclude>
  </ItemGroup>
  <ItemGroup>
    <ClCompile Include="BleDevice.cpp">
      <Filter>Source Files</Filter>
    </ClCompile>
    <ClCompile Include="BleDeviceContext.cpp">
      <Filter>Source Files</Filter>
    </ClCompile>
    <ClCompile Include="BleDeviceEnumerator.cpp">
      <Filter>Source Files</Filter>
    </ClCompile>
    <ClCompile Include="BleDeviceInfo.cpp">
      <Filter>Source Files</Filter>
    </ClCompile>
    <ClCompile Include="BleFunctions.cpp">
      <Filter>Source Files</Filter>
    </ClCompile>
    <ClCompile Include="BleGattCharacteristic.cpp">
      <Filter>Source Files</Filter>
    </ClCompile>
    <ClCompile Include="BleGattCharacteristicValue.cpp">
      <Filter>Source Files</Filter>
    </ClCompile>
    <ClCompile Include="BleGattDescriptor.cpp">
      <Filter>Source Files</Filter>
    </ClCompile>
    <ClCompile Include="BleGattDescriptorValue.cpp">
      <Filter>Source Files</Filter>
    </ClCompile>
    <ClCompile Include="BleGattService.cpp">
      <Filter>Source Files</Filter>
    </ClCompile>
    <ClCompile Include="BleException.cpp">
      <Filter>Source Files</Filter>
    </ClCompile>
    <ClCompile Include="Utility.cpp">
      <Filter>Source Files</Filter>
    </ClCompile>
    <ClCompile Include="CallbackContext.cpp">
      <Filter>Source Files</Filter>
    </ClCompile>
    <ClCompile Include="BleGattNotificationData.cpp">
      <Filter>Source Files</Filter>
    </ClCompile>
    <ClCompile Include="HandleWrapper.cpp">
      <Filter>Source Files</Filter>
    </ClCompile>
  </ItemGroup>
</Project>