
Microsoft Visual Studio Solution File, Format Version 12.00
# Visual Studio 15
VisualStudioVersion = 15.0.26730.12
MinimumVisualStudioVersion = 10.0.40219.1
Project("{8BC9CEB8-8B4A-11D0-8D11-00A0C91BC942}") = "WinBleLib", "WinBleLib\WinBleLib.vcxproj", "{F49592B2-0735-4961-B12C-8FE061C509A3}"
EndProject
Project("{8BC9CEB8-8B4A-11D0-8D11-00A0C91BC942}") = "WinBleTest", "WinBleTest\WinBleTest.vcxproj", "{4543909E-934F-43F3-82B1-6DFEBDC982E5}"
EndProject
Global
	GlobalSection(SolutionConfigurationPlatforms) = preSolution
		Debug|x64 = Debug|x64
		Debug|x86 = Debug|x86
		Release|x64 = Release|x64
		Release|x86 = Release|x86
	EndGlobalSection
	GlobalSection(ProjectConfigurationPlatforms) = postSolution
		{F49592B2-0735-4961-B12C-8FE061C509A3}.Debug|x64.ActiveCfg = Debug|x64
		{F49592B2-0735-4961-B12C-8FE061C509A3}.Debug|x64.Build.0 = Debug|x64
		{F49592B2-0735-4961-B12C-8FE061C509A3}.Debug|x86.ActiveCfg = Debug|Win32
		{F49592B2-0735-4961-B12C-8FE061C509A3}.Debug|x86.Build.0 = Debug|Win32
		{F49592B2-0735-4961-B12C-8FE061C509A3}.Release|x64.ActiveCfg = Release|x64
		{F49592B2-0735-4961-B12C-8FE061C509A3}.Release|x64.Build.0 = Release|x64
		{F49592B2-0735-4961-B12C-8FE061C509A3}.Release|x86.ActiveCfg = Release|Win32
		{F49592B2-0735-4961-B12C-8FE061C509A3}.Release|x86.Build.0 = Release|Win32
		{4543909E-934F-43F3-82B1-6DFEBDC982E5}.Debug|x64.ActiveCfg = Debug|x64
		{4543909E-934F-43F3-82B1-6DFEBDC982E5}.Debug|x64.Build.0 = Debug|x64
		{4543909E-934F-43F3-82B1-6DFEBDC982E5}.Debug|x86.ActiveCfg = Debug|Win32
		{4543909E-934F-43F3-82B1-6DFEBDC982E5}.Debug|x86.Build.0 = Debug|Win32
		{4543909E-934F-43F3-82B1-6DFEBDC982E5}.Release|x64.ActiveCfg = Release|x64
		{4543909E-934F-43F3-82B1-6DFEBDC982E5}.Release|x64.Build.0 = Release|x64
		{4543909E-934F-43F3-82B1-6DFEBDC982E5}.Release|x86.ActiveCfg = Release|Win32
		{4543909E-934F-43F3-82B1-6DFEBDC982E5}.Release|x86.Build.0 = Release|Win32
	EndGlobalSection
	GlobalSection(SolutionProperties) = preSolution
		HideSolutionNode = FALSE
	EndGlobalSection
	GlobalSection(ExtensibilityGlobals) = postSolution
		SolutionGuid = {BCB3CF34-CB52-4335-87A7-F9E50575805B}
	EndGlobalSection
EndGlobal
